
Microsoft Visual Studio Solution File, Format Version 12.00
# Visual Studio Version 17
VisualStudioVersion = 17.7.34003.232
MinimumVisualStudioVersion = 10.0.40219.1
Project("{FAE04EC0-301F-11D3-BF4B-00C04F79EFBC}") = "Ex1", "Ex1\Ex1.csproj", "{DE8F1F14-CF55-4C20-91D4-1D46A42A5409}"
EndProject
Global
	GlobalSection(SolutionConfigurationPlatforms) = preSolution
		Debug|Any CPU = Debug|Any CPU
		Release|Any CPU = Release|Any CPU
	EndGlobalSection
	GlobalSection(ProjectConfigurationPlatforms) = postSolution
		{DE8F1F14-CF55-4C20-91D4-1D46A42A5409}.Debug|Any CPU.ActiveCfg = Debug|Any CPU
		{DE8F1F14-CF55-4C20-91D4-1D46A42A5409}.Debug|Any CPU.Build.0 = Debug|Any CPU
		{DE8F1F14-CF55-4C20-91D4-1D46A42A5409}.Release|Any CPU.ActiveCfg = Release|Any CPU
		{DE8F1F14-CF55-4C20-91D4-1D46A42A5409}.Release|Any CPU.Build.0 = Release|Any CPU
	EndGlobalSection
	GlobalSection(SolutionProperties) = preSolution
		HideSolutionNode = FALSE
	EndGlobalSection
	GlobalSection(ExtensibilityGlobals) = postSolution
		SolutionGuid = {481364BE-44C1-43D0-BEE1-4DF00C3EC8CD}
	EndGlobalSection
EndGlobal
